
Microsoft Visual Studio Solution File, Format Version 12.00
# Visual Studio Version 17
VisualStudioVersion = 17.2.32516.85
MinimumVisualStudioVersion = 10.0.40219.1
Project("{FAE04EC0-301F-11D3-BF4B-00C04F79EFBC}") = "BankOfSLib", "BankOfSLib.csproj", "{460FD5C4-0682-476A-A0E5-F796736BB9F8}"
EndProject
Global
	GlobalSection(SolutionConfigurationPlatforms) = preSolution
		Debug|Any CPU = Debug|Any CPU
		Release|Any CPU = Release|Any CPU
	EndGlobalSection
	GlobalSection(ProjectConfigurationPlatforms) = postSolution
		{460FD5C4-0682-476A-A0E5-F796736BB9F8}.Debug|Any CPU.ActiveCfg = Debug|Any CPU
		{460FD5C4-0682-476A-A0E5-F796736BB9F8}.Debug|Any CPU.Build.0 = Debug|Any CPU
		{460FD5C4-0682-476A-A0E5-F796736BB9F8}.Release|Any CPU.ActiveCfg = Release|Any CPU
		{460FD5C4-0682-476A-A0E5-F796736BB9F8}.Release|Any CPU.Build.0 = Release|Any CPU
	EndGlobalSection
	GlobalSection(SolutionProperties) = preSolution
		HideSolutionNode = FALSE
	EndGlobalSection
	GlobalSection(ExtensibilityGlobals) = postSolution
		SolutionGuid = {C94C3D9C-D572-48C8-8CF4-E4EE9DF25944}
	EndGlobalSection
EndGlobal
